
Microsoft Visual Studio Solution File, Format Version 12.00
# Visual Studio 15
VisualStudioVersion = 15.0.27130.2010
MinimumVisualStudioVersion = 10.0.40219.1
Project("{FAE04EC0-301F-11D3-BF4B-00C04F79EFBC}") = "Exort.Wpf.FluentDesign.Demo", "Exort.Wpf.FluentDesign.Demo\Exort.Wpf.FluentDesign.Demo.csproj", "{4BDC83B7-4ABB-4CAF-B157-72B09762822B}"
EndProject
Project("{FAE04EC0-301F-11D3-BF4B-00C04F79EFBC}") = "Exort.Wpf.FluentDesign", "Exort.Wpf.FluentDesign\Exort.Wpf.FluentDesign.csproj", "{F79E8371-4EE9-4EA9-8813-60AA36791BCE}"
EndProject
Global
	GlobalSection(SolutionConfigurationPlatforms) = preSolution
		Debug|Any CPU = Debug|Any CPU
		Release|Any CPU = Release|Any CPU
	EndGlobalSection
	GlobalSection(ProjectConfigurationPlatforms) = postSolution
		{4BDC83B7-4ABB-4CAF-B157-72B09762822B}.Debug|Any CPU.ActiveCfg = Debug|Any CPU
		{4BDC83B7-4ABB-4CAF-B157-72B09762822B}.Debug|Any CPU.Build.0 = Debug|Any CPU
		{4BDC83B7-4ABB-4CAF-B157-72B09762822B}.Release|Any CPU.ActiveCfg = Release|Any CPU
		{4BDC83B7-4ABB-4CAF-B157-72B09762822B}.Release|Any CPU.Build.0 = Release|Any CPU
		{F79E8371-4EE9-4EA9-8813-60AA36791BCE}.Debug|Any CPU.ActiveCfg = Debug|Any CPU
		{F79E8371-4EE9-4EA9-8813-60AA36791BCE}.Debug|Any CPU.Build.0 = Debug|Any CPU
		{F79E8371-4EE9-4EA9-8813-60AA36791BCE}.Release|Any CPU.ActiveCfg = Release|Any CPU
		{F79E8371-4EE9-4EA9-8813-60AA36791BCE}.Release|Any CPU.Build.0 = Release|Any CPU
	EndGlobalSection
	GlobalSection(SolutionProperties) = preSolution
		HideSolutionNode = FALSE
	EndGlobalSection
	GlobalSection(ExtensibilityGlobals) = postSolution
		SolutionGuid = {E913298A-3968-434F-B88E-C650E6C98E18}
	EndGlobalSection
EndGlobal
